
Microsoft Visual Studio Solution File, Format Version 12.00
# Visual Studio Version 17
VisualStudioVersion = 17.8.34322.80
MinimumVisualStudioVersion = 10.0.40219.1
Project("{FAE04EC0-301F-11D3-BF4B-00C04F79EFBC}") = "Scrapbook", "Scrapbook\Scrapbook.csproj", "{8A92A240-47F7-472E-8DF9-4873D8F294C6}"
EndProject
Global
	GlobalSection(SolutionConfigurationPlatforms) = preSolution
		Debug|Any CPU = Debug|Any CPU
		Release|Any CPU = Release|Any CPU
	EndGlobalSection
	GlobalSection(ProjectConfigurationPlatforms) = postSolution
		{8A92A240-47F7-472E-8DF9-4873D8F294C6}.Debug|Any CPU.ActiveCfg = Debug|Any CPU
		{8A92A240-47F7-472E-8DF9-4873D8F294C6}.Debug|Any CPU.Build.0 = Debug|Any CPU
		{8A92A240-47F7-472E-8DF9-4873D8F294C6}.Release|Any CPU.ActiveCfg = Release|Any CPU
		{8A92A240-47F7-472E-8DF9-4873D8F294C6}.Release|Any CPU.Build.0 = Release|Any CPU
	EndGlobalSection
	GlobalSection(SolutionProperties) = preSolution
		HideSolutionNode = FALSE
	EndGlobalSection
	GlobalSection(ExtensibilityGlobals) = postSolution
		SolutionGuid = {34B57C3B-4F5C-4A0E-B88B-DAA3BFD3B8BB}
	EndGlobalSection
EndGlobal
